
Microsoft Visual Studio Solution File, Format Version 12.00
# Visual Studio 15
VisualStudioVersion = 15.0.26430.6
MinimumVisualStudioVersion = 10.0.40219.1
Project("{FAE04EC0-301F-11D3-BF4B-00C04F79EFBC}") = "VehicleInYardDLL", "VehicleInYardDLL\VehicleInYardDLL.csproj", "{76A2E956-99F3-452C-81C6-53D3CD85251D}"
EndProject
Global
	GlobalSection(SolutionConfigurationPlatforms) = preSolution
		Debug|Any CPU = Debug|Any CPU
		Release|Any CPU = Release|Any CPU
	EndGlobalSection
	GlobalSection(ProjectConfigurationPlatforms) = postSolution
		{76A2E956-99F3-452C-81C6-53D3CD85251D}.Debug|Any CPU.ActiveCfg = Debug|Any CPU
		{76A2E956-99F3-452C-81C6-53D3CD85251D}.Debug|Any CPU.Build.0 = Debug|Any CPU
		{76A2E956-99F3-452C-81C6-53D3CD85251D}.Release|Any CPU.ActiveCfg = Release|Any CPU
		{76A2E956-99F3-452C-81C6-53D3CD85251D}.Release|Any CPU.Build.0 = Release|Any CPU
	EndGlobalSection
	GlobalSection(SolutionProperties) = preSolution
		HideSolutionNode = FALSE
	EndGlobalSection
EndGlobal
